
Microsoft Visual Studio Solution File, Format Version 12.00
# Visual Studio Version 17
VisualStudioVersion = 17.1.32228.430
MinimumVisualStudioVersion = 10.0.40219.1
Project("{FAE04EC0-301F-11D3-BF4B-00C04F79EFBC}") = "RegulationAssessmentApi", "RegulationAssessmentApi\RegulationAssessmentApi.csproj", "{69B37CD7-8CE2-4CD8-8316-602A6018292E}"
EndProject
Global
	GlobalSection(SolutionConfigurationPlatforms) = preSolution
		Debug|Any CPU = Debug|Any CPU
		Release|Any CPU = Release|Any CPU
	EndGlobalSection
	GlobalSection(ProjectConfigurationPlatforms) = postSolution
		{69B37CD7-8CE2-4CD8-8316-602A6018292E}.Debug|Any CPU.ActiveCfg = Debug|Any CPU
		{69B37CD7-8CE2-4CD8-8316-602A6018292E}.Debug|Any CPU.Build.0 = Debug|Any CPU
		{69B37CD7-8CE2-4CD8-8316-602A6018292E}.Release|Any CPU.ActiveCfg = Release|Any CPU
		{69B37CD7-8CE2-4CD8-8316-602A6018292E}.Release|Any CPU.Build.0 = Release|Any CPU
	EndGlobalSection
	GlobalSection(SolutionProperties) = preSolution
		HideSolutionNode = FALSE
	EndGlobalSection
	GlobalSection(ExtensibilityGlobals) = postSolution
		SolutionGuid = {6B7813A5-27B7-4FA3-A348-714D8E3BA033}
	EndGlobalSection
EndGlobal
