
Microsoft Visual Studio Solution File, Format Version 12.00
# Visual Studio Version 17
VisualStudioVersion = 17.2.32519.379
MinimumVisualStudioVersion = 10.0.40219.1
Project("{9A19103F-16F7-4668-BE54-9A1E7A4F7556}") = "RegulationAssessment.Api", "RegulationAssessment.Api\RegulationAssessment.Api.csproj", "{50D8F4A4-7CF9-4E90-ACB8-E7AE860D3CBF}"
EndProject
Project("{9A19103F-16F7-4668-BE54-9A1E7A4F7556}") = "RegulationAssessment.DataAccess.EntityFramework", "RegulationAssessment.DataAccess.EntityFramework\RegulationAssessment.DataAccess.EntityFramework.csproj", "{0178EB4F-64BA-489B-B493-9FB6C3E94E43}"
EndProject
Project("{9A19103F-16F7-4668-BE54-9A1E7A4F7556}") = "RegulationAssessment.Common", "RegulationAssessment.Common\RegulationAssessment.Common.csproj", "{31DE05AB-B341-433D-A568-4806B5C577ED}"
EndProject
Project("{9A19103F-16F7-4668-BE54-9A1E7A4F7556}") = "RegulationAssessment.Logic", "RegulationAssessment.Logic\RegulationAssessment.Logic.csproj", "{04F799C3-497C-42C3-871C-FCF6C4E90C09}"
EndProject
Project("{FAE04EC0-301F-11D3-BF4B-00C04F79EFBC}") = "RegulationAssessment.DataAccess.Dapper", "RegulationAssessment.DataAccess.Dapper\RegulationAssessment.DataAccess.Dapper.csproj", "{E62D57F0-384C-4D23-8605-024A69FFA672}"
EndProject
Global
	GlobalSection(SolutionConfigurationPlatforms) = preSolution
		Debug|Any CPU = Debug|Any CPU
		Release|Any CPU = Release|Any CPU
	EndGlobalSection
	GlobalSection(ProjectConfigurationPlatforms) = postSolution
		{50D8F4A4-7CF9-4E90-ACB8-E7AE860D3CBF}.Debug|Any CPU.ActiveCfg = Debug|Any CPU
		{50D8F4A4-7CF9-4E90-ACB8-E7AE860D3CBF}.Debug|Any CPU.Build.0 = Debug|Any CPU
		{50D8F4A4-7CF9-4E90-ACB8-E7AE860D3CBF}.Release|Any CPU.ActiveCfg = Release|Any CPU
		{50D8F4A4-7CF9-4E90-ACB8-E7AE860D3CBF}.Release|Any CPU.Build.0 = Release|Any CPU
		{0178EB4F-64BA-489B-B493-9FB6C3E94E43}.Debug|Any CPU.ActiveCfg = Debug|Any CPU
		{0178EB4F-64BA-489B-B493-9FB6C3E94E43}.Debug|Any CPU.Build.0 = Debug|Any CPU
		{0178EB4F-64BA-489B-B493-9FB6C3E94E43}.Release|Any CPU.ActiveCfg = Release|Any CPU
		{0178EB4F-64BA-489B-B493-9FB6C3E94E43}.Release|Any CPU.Build.0 = Release|Any CPU
		{31DE05AB-B341-433D-A568-4806B5C577ED}.Debug|Any CPU.ActiveCfg = Debug|Any CPU
		{31DE05AB-B341-433D-A568-4806B5C577ED}.Debug|Any CPU.Build.0 = Debug|Any CPU
		{31DE05AB-B341-433D-A568-4806B5C577ED}.Release|Any CPU.ActiveCfg = Release|Any CPU
		{31DE05AB-B341-433D-A568-4806B5C577ED}.Release|Any CPU.Build.0 = Release|Any CPU
		{04F799C3-497C-42C3-871C-FCF6C4E90C09}.Debug|Any CPU.ActiveCfg = Debug|Any CPU
		{04F799C3-497C-42C3-871C-FCF6C4E90C09}.Debug|Any CPU.Build.0 = Debug|Any CPU
		{04F799C3-497C-42C3-871C-FCF6C4E90C09}.Release|Any CPU.ActiveCfg = Release|Any CPU
		{04F799C3-497C-42C3-871C-FCF6C4E90C09}.Release|Any CPU.Build.0 = Release|Any CPU
		{E62D57F0-384C-4D23-8605-024A69FFA672}.Debug|Any CPU.ActiveCfg = Debug|Any CPU
		{E62D57F0-384C-4D23-8605-024A69FFA672}.Debug|Any CPU.Build.0 = Debug|Any CPU
		{E62D57F0-384C-4D23-8605-024A69FFA672}.Release|Any CPU.ActiveCfg = Release|Any CPU
		{E62D57F0-384C-4D23-8605-024A69FFA672}.Release|Any CPU.Build.0 = Release|Any CPU
	EndGlobalSection
	GlobalSection(SolutionProperties) = preSolution
		HideSolutionNode = FALSE
	EndGlobalSection
	GlobalSection(ExtensibilityGlobals) = postSolution
		SolutionGuid = {FCA33E6E-4D84-40FB-BDB7-28BB5A16AA12}
	EndGlobalSection
EndGlobal
